// !$*UTF8*$!
{
	archiveVersion = 1;
	classes = {
	};
	objectVersion = 77;
	objects = {

/* Begin PBXContainerItemProxy section */
		FED02EA92D42C70E001451C4 /* PBXContainerItemProxy */ = {
			isa = PBXContainerItemProxy;
			containerPortal = FED02E902D42C70C001451C4 /* Project object */;
			proxyType = 1;
			remoteGlobalIDString = FED02E972D42C70C001451C4;
			remoteInfo = ZooLogic;
		};
		FED02EB32D42C70E001451C4 /* PBXContainerItemProxy */ = {
			isa = PBXContainerItemProxy;
			containerPortal = FED02E902D42C70C001451C4 /* Project object */;
			proxyType = 1;
			remoteGlobalIDString = FED02E972D42C70C001451C4;
			remoteInfo = ZooLogic;
		};
/* End PBXContainerItemProxy section */

/* Begin PBXFileReference section */
		FED02E982D42C70C001451C4 /* ZooLogic.app */ = {isa = PBXFileReference; explicitFileType = wrapper.application; includeInIndex = 0; path = ZooLogic.app; sourceTree = BUILT_PRODUCTS_DIR; };
		FED02EA82D42C70E001451C4 /* ZooLogicTests.xctest */ = {isa = PBXFileReference; explicitFileType = wrapper.cfbundle; includeInIndex = 0; path = ZooLogicTests.xctest; sourceTree = BUILT_PRODUCTS_DIR; };
		FED02EB22D42C70E001451C4 /* ZooLogicUITests.xctest */ = {isa = PBXFileReference; explicitFileType = wrapper.cfbundle; includeInIndex = 0; path = ZooLogicUITests.xctest; sourceTree = BUILT_PRODUCTS_DIR; };
/* End PBXFileReference section */

/* Begin PBXFileSystemSynchronizedRootGroup section */
		FED02E9A2D42C70C001451C4 /* ZooLogic */ = {
			isa = PBXFileSystemSynchronizedRootGroup;
			path = ZooLogic;
			sourceTree = "<group>";
		};
		FED02EAB2D42C70E001451C4 /* ZooLogicTests */ = {
			isa = PBXFileSystemSynchronizedRootGroup;
			path = ZooLogicTests;
			sourceTree = "<group>";
		};
		FED02EB52D42C70E001451C4 /* ZooLogicUITests */ = {
			isa = PBXFileSystemSynchronizedRootGroup;
			path = ZooLogicUITests;
			sourceTree = "<group>";
		};
/* End PBXFileSystemSynchronizedRootGroup section */

/* Begin PBXFrameworksBuildPhase section */
		FED02E952D42C70C001451C4 /* Frameworks */ = {
			isa = PBXFrameworksBuildPhase;
			buildActionMask = 2147483647;
			files = (
			);
			runOnlyForDeploymentPostprocessing = 0;
		};
		FED02EA52D42C70E001451C4 /* Frameworks */ = {
			isa = PBXFrameworksBuildPhase;
			buildActionMask = 2147483647;
			files = (
			);
			runOnlyForDeploymentPostprocessing = 0;
		};
		FED02EAF2D42C70E001451C4 /* Frameworks */ = {
			isa = PBXFrameworksBuildPhase;
			buildActionMask = 2147483647;
			files = (
			);
			runOnlyForDeploymentPostprocessing = 0;
		};
/* End PBXFrameworksBuildPhase section */

/* Begin PBXGroup section */
		FED02E8F2D42C70C001451C4 = {
			isa = PBXGroup;
			children = (
				FED02E9A2D42C70C001451C4 /* ZooLogic */,
				FED02EAB2D42C70E001451C4 /* ZooLogicTests */,
				FED02EB52D42C70E001451C4 /* ZooLogicUITests */,
				FED02E992D42C70C001451C4 /* Products */,
			);
			sourceTree = "<group>";
		};
		FED02E992D42C70C001451C4 /* Products */ = {
			isa = PBXGroup;
			children = (
				FED02E982D42C70C001451C4 /* ZooLogic.app */,
				FED02EA82D42C70E001451C4 /* ZooLogicTests.xctest */,
				FED02EB22D42C70E001451C4 /* ZooLogicUITests.xctest */,
			);
			name = Products;
			sourceTree = "<group>";
		};
/* End PBXGroup section */

/* Begin PBXNativeTarget section */
		FED02E972D42C70C001451C4 /* ZooLogic */ = {
			isa = PBXNativeTarget;
			buildConfigurationList = FED02EBC2D42C70E001451C4 /* Build configuration list for PBXNativeTarget "ZooLogic" */;
			buildPhases = (
				FED02E942D42C70C001451C4 /* Sources */,
				FED02E952D42C70C001451C4 /* Frameworks */,
				FED02E962D42C70C001451C4 /* Resources */,
			);
			buildRules = (
			);
			dependencies = (
			);
			fileSystemSynchronizedGroups = (
				FED02E9A2D42C70C001451C4 /* ZooLogic */,
			);
			name = ZooLogic;
			packageProductDependencies = (
			);
			productName = ZooLogic;
			productReference = FED02E982D42C70C001451C4 /* ZooLogic.app */;
			productType = "com.apple.product-type.application";
		};
		FED02EA72D42C70E001451C4 /* ZooLogicTests */ = {
			isa = PBXNativeTarget;
			buildConfigurationList = FED02EBF2D42C70E001451C4 /* Build configuration list for PBXNativeTarget "ZooLogicTests" */;
			buildPhases = (
				FED02EA42D42C70E001451C4 /* Sources */,
				FED02EA52D42C70E001451C4 /* Frameworks */,
				FED02EA62D42C70E001451C4 /* Resources */,
			);
			buildRules = (
			);
			dependencies = (
				FED02EAA2D42C70E001451C4 /* PBXTargetDependency */,
			);
			fileSystemSynchronizedGroups = (
				FED02EAB2D42C70E001451C4 /* ZooLogicTests */,
			);
			name = ZooLogicTests;
			packageProductDependencies = (
			);
			productName = ZooLogicTests;
			productReference = FED02EA82D42C70E001451C4 /* ZooLogicTests.xctest */;
			productType = "com.apple.product-type.bundle.unit-test";
		};
		FED02EB12D42C70E001451C4 /* ZooLogicUITests */ = {
			isa = PBXNativeTarget;
			buildConfigurationList = FED02EC22D42C70E001451C4 /* Build configuration list for PBXNativeTarget "ZooLogicUITests" */;
			buildPhases = (
				FED02EAE2D42C70E001451C4 /* Sources */,
				FED02EAF2D42C70E001451C4 /* Frameworks */,
				FED02EB02D42C70E001451C4 /* Resources */,
			);
			buildRules = (
			);
			dependencies = (
				FED02EB42D42C70E001451C4 /* PBXTargetDependency */,
			);
			fileSystemSynchronizedGroups = (
				FED02EB52D42C70E001451C4 /* ZooLogicUITests */,
			);
			name = ZooLogicUITests;
			packageProductDependencies = (
			);
			productName = ZooLogicUITests;
			productReference = FED02EB22D42C70E001451C4 /* ZooLogicUITests.xctest */;
			productType = "com.apple.product-type.bundle.ui-testing";
		};
/* End PBXNativeTarget section */

/* Begin PBXProject section */
		FED02E902D42C70C001451C4 /* Project object */ = {
			isa = PBXProject;
			attributes = {
				BuildIndependentTargetsInParallel = 1;
				LastSwiftUpdateCheck = 1620;
				LastUpgradeCheck = 1620;
				TargetAttributes = {
					FED02E972D42C70C001451C4 = {
						CreatedOnToolsVersion = 16.2;
					};
					FED02EA72D42C70E001451C4 = {
						CreatedOnToolsVersion = 16.2;
						TestTargetID = FED02E972D42C70C001451C4;
					};
					FED02EB12D42C70E001451C4 = {
						CreatedOnToolsVersion = 16.2;
						TestTargetID = FED02E972D42C70C001451C4;
					};
				};
			};
			buildConfigurationList = FED02E932D42C70C001451C4 /* Build configuration list for PBXProject "ZooLogic" */;
			developmentRegion = en;
			hasScannedForEncodings = 0;
			knownRegions = (
				en,
				Base,
			);
			mainGroup = FED02E8F2D42C70C001451C4;
			minimizedProjectReferenceProxies = 1;
			preferredProjectObjectVersion = 77;
			productRefGroup = FED02E992D42C70C001451C4 /* Products */;
			projectDirPath = "";
			projectRoot = "";
			targets = (
				FED02E972D42C70C001451C4 /* ZooLogic */,
				FED02EA72D42C70E001451C4 /* ZooLogicTests */,
				FED02EB12D42C70E001451C4 /* ZooLogicUITests */,
			);
		};
/* End PBXProject section */

/* Begin PBXResourcesBuildPhase section */
		FED02E962D42C70C001451C4 /* Resources */ = {
			isa = PBXResourcesBuildPhase;
			buildActionMask = 2147483647;
			files = (
			);
			runOnlyForDeploymentPostprocessing = 0;
		};
		FED02EA62D42C70E001451C4 /* Resources */ = {
			isa = PBXResourcesBuildPhase;
			buildActionMask = 2147483647;
			files = (
			);
			runOnlyForDeploymentPostprocessing = 0;
		};
		FED02EB02D42C70E001451C4 /* Resources */ = {
			isa = PBXResourcesBuildPhase;
			buildActionMask = 2147483647;
			files = (
			);
			runOnlyForDeploymentPostprocessing = 0;
		};
/* End PBXResourcesBuildPhase section */

/* Begin PBXSourcesBuildPhase section */
		FED02E942D42C70C001451C4 /* Sources */ = {
			isa = PBXSourcesBuildPhase;
			buildActionMask = 2147483647;
			files = (
			);
			runOnlyForDeploymentPostprocessing = 0;
		};
		FED02EA42D42C70E001451C4 /* Sources */ = {
			isa = PBXSourcesBuildPhase;
			buildActionMask = 2147483647;
			files = (
			);
			runOnlyForDeploymentPostprocessing = 0;
		};
		FED02EAE2D42C70E001451C4 /* Sources */ = {
			isa = PBXSourcesBuildPhase;
			buildActionMask = 2147483647;
			files = (
			);
			runOnlyForDeploymentPostprocessing = 0;
		};
/* End PBXSourcesBuildPhase section */

/* Begin PBXTargetDependency section */
		FED02EAA2D42C70E001451C4 /* PBXTargetDependency */ = {
			isa = PBXTargetDependency;
			target = FED02E972D42C70C001451C4 /* ZooLogic */;
			targetProxy = FED02EA92D42C70E001451C4 /* PBXContainerItemProxy */;
		};
		FED02EB42D42C70E001451C4 /* PBXTargetDependency */ = {
			isa = PBXTargetDependency;
			target = FED02E972D42C70C001451C4 /* ZooLogic */;
			targetProxy = FED02EB32D42C70E001451C4 /* PBXContainerItemProxy */;
		};
/* End PBXTargetDependency section */

/* Begin XCBuildConfiguration section */
		FED02EBA2D42C70E001451C4 /* Debug */ = {
			isa = XCBuildConfiguration;
			buildSettings = {
				ALWAYS_SEARCH_USER_PATHS = NO;
				ASSETCATALOG_COMPILER_GENERATE_SWIFT_ASSET_SYMBOL_EXTENSIONS = YES;
				CLANG_ANALYZER_NONNULL = YES;
				CLANG_ANALYZER_NUMBER_OBJECT_CONVERSION = YES_AGGRESSIVE;
				CLANG_CXX_LANGUAGE_STANDARD = "gnu++20";
				CLANG_ENABLE_MODULES = YES;
				CLANG_ENABLE_OBJC_ARC = YES;
				CLANG_ENABLE_OBJC_WEAK = YES;
				CLANG_WARN_BLOCK_CAPTURE_AUTORELEASING = YES;
				CLANG_WARN_BOOL_CONVERSION = YES;
				CLANG_WARN_COMMA = YES;
				CLANG_WARN_CONSTANT_CONVERSION = YES;
				CLANG_WARN_DEPRECATED_OBJC_IMPLEMENTATIONS = YES;
				CLANG_WARN_DIRECT_OBJC_ISA_USAGE = YES_ERROR;
				CLANG_WARN_DOCUMENTATION_COMMENTS = YES;
				CLANG_WARN_EMPTY_BODY = YES;
				CLANG_WARN_ENUM_CONVERSION = YES;
				CLANG_WARN_INFINITE_RECURSION = YES;
				CLANG_WARN_INT_CONVERSION = YES;
				CLANG_WARN_NON_LITERAL_NULL_CONVERSION = YES;
				CLANG_WARN_OBJC_IMPLICIT_RETAIN_SELF = YES;
				CLANG_WARN_OBJC_LITERAL_CONVERSION = YES;
				CLANG_WARN_OBJC_ROOT_CLASS = YES_ERROR;
				CLANG_WARN_QUOTED_INCLUDE_IN_FRAMEWORK_HEADER = YES;
				CLANG_WARN_RANGE_LOOP_ANALYSIS = YES;
				CLANG_WARN_STRICT_PROTOTYPES = YES;
				CLANG_WARN_SUSPICIOUS_MOVE = YES;
				CLANG_WARN_UNGUARDED_AVAILABILITY = YES_AGGRESSIVE;
				CLANG_WARN_UNREACHABLE_CODE = YES;
				CLANG_WARN__DUPLICATE_METHOD_MATCH = YES;
				COPY_PHASE_STRIP = NO;
				DEBUG_INFORMATION_FORMAT = dwarf;
				ENABLE_STRICT_OBJC_MSGSEND = YES;
				ENABLE_TESTABILITY = YES;
				ENABLE_USER_SCRIPT_SANDBOXING = YES;
				GCC_C_LANGUAGE_STANDARD = gnu17;
				GCC_DYNAMIC_NO_PIC = NO;
				GCC_NO_COMMON_BLOCKS = YES;
				GCC_OPTIMIZATION_LEVEL = 0;
				GCC_PREPROCESSOR_DEFINITIONS = (
					"DEBUG=1",
					"$(inherited)",
				);
				GCC_WARN_64_TO_32_BIT_CONVERSION = YES;
				GCC_WARN_ABOUT_RETURN_TYPE = YES_ERROR;
				GCC_WARN_UNDECLARED_SELECTOR = YES;
				GCC_WARN_UNINITIALIZED_AUTOS = YES_AGGRESSIVE;
				GCC_WARN_UNUSED_FUNCTION = YES;
				GCC_WARN_UNUSED_VARIABLE = YES;
				IPHONEOS_DEPLOYMENT_TARGET = 18.2;
				LOCALIZATION_PREFERS_STRING_CATALOGS = YES;
				MTL_ENABLE_DEBUG_INFO = INCLUDE_SOURCE;
				MTL_FAST_MATH = YES;
				ONLY_ACTIVE_ARCH = YES;
				SDKROOT = iphoneos;
				SWIFT_ACTIVE_COMPILATION_CONDITIONS = "DEBUG $(inherited)";
				SWIFT_OPTIMIZATION_LEVEL = "-Onone";
			};
			name = Debug;
		};
		FED02EBB2D42C70E001451C4 /* Release */ = {
			isa = XCBuildConfiguration;
			buildSettings = {
				ALWAYS_SEARCH_USER_PATHS = NO;
				ASSETCATALOG_COMPILER_GENERATE_SWIFT_ASSET_SYMBOL_EXTENSIONS = YES;
				CLANG_ANALYZER_NONNULL = YES;
				CLANG_ANALYZER_NUMBER_OBJECT_CONVERSION = YES_AGGRESSIVE;
				CLANG_CXX_LANGUAGE_STANDARD = "gnu++20";
				CLANG_ENABLE_MODULES = YES;
				CLANG_ENABLE_OBJC_ARC = YES;
				CLANG_ENABLE_OBJC_WEAK = YES;
				CLANG_WARN_BLOCK_CAPTURE_AUTORELEASING = YES;
				CLANG_WARN_BOOL_CONVERSION = YES;
				CLANG_WARN_COMMA = YES;
				CLANG_WARN_CONSTANT_CONVERSION = YES;
				CLANG_WARN_DEPRECATED_OBJC_IMPLEMENTATIONS = YES;
				CLANG_WARN_DIRECT_OBJC_ISA_USAGE = YES_ERROR;
				CLANG_WARN_DOCUMENTATION_COMMENTS = YES;
				CLANG_WARN_EMPTY_BODY = YES;
				CLANG_WARN_ENUM_CONVERSION = YES;
				CLANG_WARN_INFINITE_RECURSION = YES;
				CLANG_WARN_INT_CONVERSION = YES;
				CLANG_WARN_NON_LITERAL_NULL_CONVERSION = YES;
				CLANG_WARN_OBJC_IMPLICIT_RETAIN_SELF = YES;
				CLANG_WARN_OBJC_LITERAL_CONVERSION = YES;
				CLANG_WARN_OBJC_ROOT_CLASS = YES_ERROR;
				CLANG_WARN_QUOTED_INCLUDE_IN_FRAMEWORK_HEADER = YES;
				CLANG_WARN_RANGE_LOOP_ANALYSIS = YES;
				CLANG_WARN_STRICT_PROTOTYPES = YES;
				CLANG_WARN_SUSPICIOUS_MOVE = YES;
				CLANG_WARN_UNGUARDED_AVAILABILITY = YES_AGGRESSIVE;
				CLANG_WARN_UNREACHABLE_CODE = YES;
				CLANG_WARN__DUPLICATE_METHOD_MATCH = YES;
				COPY_PHASE_STRIP = NO;
				DEBUG_INFORMATION_FORMAT = "dwarf-with-dsym";
				ENABLE_NS_ASSERTIONS = NO;
				ENABLE_STRICT_OBJC_MSGSEND = YES;
				ENABLE_USER_SCRIPT_SANDBOXING = YES;
				GCC_C_LANGUAGE_STANDARD = gnu17;
				GCC_NO_COMMON_BLOCKS = YES;
				GCC_WARN_64_TO_32_BIT_CONVERSION = YES;
				GCC_WARN_ABOUT_RETURN_TYPE = YES_ERROR;
				GCC_WARN_UNDECLARED_SELECTOR = YES;
				GCC_WARN_UNINITIALIZED_AUTOS = YES_AGGRESSIVE;
				GCC_WARN_UNUSED_FUNCTION = YES;
				GCC_WARN_UNUSED_VARIABLE = YES;
				IPHONEOS_DEPLOYMENT_TARGET = 18.2;
				LOCALIZATION_PREFERS_STRING_CATALOGS = YES;
				MTL_ENABLE_DEBUG_INFO = NO;
				MTL_FAST_MATH = YES;
				SDKROOT = iphoneos;
				SWIFT_COMPILATION_MODE = wholemodule;
				VALIDATE_PRODUCT = YES;
			};
			name = Release;
		};
		FED02EBD2D42C70E001451C4 /* Debug */ = {
			isa = XCBuildConfiguration;
			buildSettings = {
				ASSETCATALOG_COMPILER_APPICON_NAME = AppIcon;
				ASSETCATALOG_COMPILER_GLOBAL_ACCENT_COLOR_NAME = AccentColor;
				CODE_SIGN_STYLE = Automatic;
				CURRENT_PROJECT_VERSION = 1;
				DEVELOPMENT_ASSET_PATHS = "\"ZooLogic/Preview Content\"";
				ENABLE_PREVIEWS = YES;
				GENERATE_INFOPLIST_FILE = YES;
				INFOPLIST_KEY_UIApplicationSceneManifest_Generation = YES;
				INFOPLIST_KEY_UIApplicationSupportsIndirectInputEvents = YES;
				INFOPLIST_KEY_UILaunchScreen_Generation = YES;
				INFOPLIST_KEY_UISupportedInterfaceOrientations_iPad = "UIInterfaceOrientationPortrait UIInterfaceOrientationPortraitUpsideDown UIInterfaceOrientationLandscapeLeft UIInterfaceOrientationLandscapeRight";
				INFOPLIST_KEY_UISupportedInterfaceOrientations_iPhone = "UIInterfaceOrientationPortrait UIInterfaceOrientationLandscapeLeft UIInterfaceOrientationLandscapeRight";
				LD_RUNPATH_SEARCH_PATHS = (
					"$(inherited)",
					"@executable_path/Frameworks",
				);
				MARKETING_VERSION = 1.0;
				PRODUCT_BUNDLE_IDENTIFIER = com.rhizom.ZooLogic.ZooLogic;
				PRODUCT_NAME = "$(TARGET_NAME)";
				SWIFT_EMIT_LOC_STRINGS = YES;
				SWIFT_VERSION = 5.0;
				TARGETED_DEVICE_FAMILY = "1,2";
			};
			name = Debug;
		};
		FED02EBE2D42C70E001451C4 /* Release */ = {
			isa = XCBuildConfiguration;
			buildSettings = {
				ASSETCATALOG_COMPILER_APPICON_NAME = AppIcon;
				ASSETCATALOG_COMPILER_GLOBAL_ACCENT_COLOR_NAME = AccentColor;
				CODE_SIGN_STYLE = Automatic;
				CURRENT_PROJECT_VERSION = 1;
				DEVELOPMENT_ASSET_PATHS = "\"ZooLogic/Preview Content\"";
				ENABLE_PREVIEWS = YES;
				GENERATE_INFOPLIST_FILE = YES;
				INFOPLIST_KEY_UIApplicationSceneManifest_Generation = YES;
				INFOPLIST_KEY_UIApplicationSupportsIndirectInputEvents = YES;
				INFOPLIST_KEY_UILaunchScreen_Generation = YES;
				INFOPLIST_KEY_UISupportedInterfaceOrientations_iPad = "UIInterfaceOrientationPortrait UIInterfaceOrientationPortraitUpsideDown UIInterfaceOrientationLandscapeLeft UIInterfaceOrientationLandscapeRight";
				INFOPLIST_KEY_UISupportedInterfaceOrientations_iPhone = "UIInterfaceOrientationPortrait UIInterfaceOrientationLandscapeLeft UIInterfaceOrientationLandscapeRight";
				LD_RUNPATH_SEARCH_PATHS = (
					"$(inherited)",
					"@executable_path/Frameworks",
				);
				MARKETING_VERSION = 1.0;
				PRODUCT_BUNDLE_IDENTIFIER = com.rhizom.ZooLogic.ZooLogic;
				PRODUCT_NAME = "$(TARGET_NAME)";
				SWIFT_EMIT_LOC_STRINGS = YES;
				SWIFT_VERSION = 5.0;
				TARGETED_DEVICE_FAMILY = "1,2";
			};
			name = Release;
		};
		FED02EC02D42C70E001451C4 /* Debug */ = {
			isa = XCBuildConfiguration;
			buildSettings = {
				BUNDLE_LOADER = "$(TEST_HOST)";
				CODE_SIGN_STYLE = Automatic;
				CURRENT_PROJECT_VERSION = 1;
				GENERATE_INFOPLIST_FILE = YES;
				IPHONEOS_DEPLOYMENT_TARGET = 18.2;
				MARKETING_VERSION = 1.0;
				PRODUCT_BUNDLE_IDENTIFIER = com.rhizom.ZooLogic.ZooLogicTests;
				PRODUCT_NAME = "$(TARGET_NAME)";
				SWIFT_EMIT_LOC_STRINGS = NO;
				SWIFT_VERSION = 5.0;
				TARGETED_DEVICE_FAMILY = "1,2";
				TEST_HOST = "$(BUILT_PRODUCTS_DIR)/ZooLogic.app/$(BUNDLE_EXECUTABLE_FOLDER_PATH)/ZooLogic";
			};
			name = Debug;
		};
		FED02EC12D42C70E001451C4 /* Release */ = {
			isa = XCBuildConfiguration;
			buildSettings = {
				BUNDLE_LOADER = "$(TEST_HOST)";
				CODE_SIGN_STYLE = Automatic;
				CURRENT_PROJECT_VERSION = 1;
				GENERATE_INFOPLIST_FILE = YES;
				IPHONEOS_DEPLOYMENT_TARGET = 18.2;
				MARKETING_VERSION = 1.0;
				PRODUCT_BUNDLE_IDENTIFIER = com.rhizom.ZooLogic.ZooLogicTests;
				PRODUCT_NAME = "$(TARGET_NAME)";
				SWIFT_EMIT_LOC_STRINGS = NO;
				SWIFT_VERSION = 5.0;
				TARGETED_DEVICE_FAMILY = "1,2";
				TEST_HOST = "$(BUILT_PRODUCTS_DIR)/ZooLogic.app/$(BUNDLE_EXECUTABLE_FOLDER_PATH)/ZooLogic";
			};
			name = Release;
		};
		FED02EC32D42C70E001451C4 /* Debug */ = {
			isa = XCBuildConfiguration;
			buildSettings = {
				CODE_SIGN_STYLE = Automatic;
				CURRENT_PROJECT_VERSION = 1;
				GENERATE_INFOPLIST_FILE = YES;
				MARKETING_VERSION = 1.0;
				PRODUCT_BUNDLE_IDENTIFIER = com.rhizom.ZooLogic.ZooLogicUITests;
				PRODUCT_NAME = "$(TARGET_NAME)";
				SWIFT_EMIT_LOC_STRINGS = NO;
				SWIFT_VERSION = 5.0;
				TARGETED_DEVICE_FAMILY = "1,2";
				TEST_TARGET_NAME = ZooLogic;
			};
			name = Debug;
		};
		FED02EC42D42C70E001451C4 /* Release */ = {
			isa = XCBuildConfiguration;
			buildSettings = {
				CODE_SIGN_STYLE = Automatic;
				CURRENT_PROJECT_VERSION = 1;
				GENERATE_INFOPLIST_FILE = YES;
				MARKETING_VERSION = 1.0;
				PRODUCT_BUNDLE_IDENTIFIER = com.rhizom.ZooLogic.ZooLogicUITests;
				PRODUCT_NAME = "$(TARGET_NAME)";
				SWIFT_EMIT_LOC_STRINGS = NO;
				SWIFT_VERSION = 5.0;
				TARGETED_DEVICE_FAMILY = "1,2";
				TEST_TARGET_NAME = ZooLogic;
			};
			name = Release;
		};
/* End XCBuildConfiguration section */

/* Begin XCConfigurationList section */
		FED02E932D42C70C001451C4 /* Build configuration list for PBXProject "ZooLogic" */ = {
			isa = XCConfigurationList;
			buildConfigurations = (
				FED02EBA2D42C70E001451C4 /* Debug */,
				FED02EBB2D42C70E001451C4 /* Release */,
			);
			defaultConfigurationIsVisible = 0;
			defaultConfigurationName = Release;
		};
		FED02EBC2D42C70E001451C4 /* Build configuration list for PBXNativeTarget "ZooLogic" */ = {
			isa = XCConfigurationList;
			buildConfigurations = (
				FED02EBD2D42C70E001451C4 /* Debug */,
				FED02EBE2D42C70E001451C4 /* Release */,
			);
			defaultConfigurationIsVisible = 0;
			defaultConfigurationName = Release;
		};
		FED02EBF2D42C70E001451C4 /* Build configuration list for PBXNativeTarget "ZooLogicTests" */ = {
			isa = XCConfigurationList;
			buildConfigurations = (
				FED02EC02D42C70E001451C4 /* Debug */,
				FED02EC12D42C70E001451C4 /* Release */,
			);
			defaultConfigurationIsVisible = 0;
			defaultConfigurationName = Release;
		};
		FED02EC22D42C70E001451C4 /* Build configuration list for PBXNativeTarget "ZooLogicUITests" */ = {
			isa = XCConfigurationList;
			buildConfigurations = (
				FED02EC32D42C70E001451C4 /* Debug */,
				FED02EC42D42C70E001451C4 /* Release */,
			);
			defaultConfigurationIsVisible = 0;
			defaultConfigurationName = Release;
		};
/* End XCConfigurationList section */
	};
	rootObject = FED02E902D42C70C001451C4 /* Project object */;
}
